// !$*UTF8*$!
{
	archiveVersion = 1;
	classes = {
	};
	objectVersion = 55;
	objects = {

/* Begin PBXBuildFile section */
		FA99B38B29152F1500D8FC1C /* AllDoneApp.swift in Sources */ = {isa = PBXBuildFile; fileRef = FA99B38A29152F1500D8FC1C /* AllDoneApp.swift */; };
		FA99B38D29152F1500D8FC1C /* ContentView.swift in Sources */ = {isa = PBXBuildFile; fileRef = FA99B38C29152F1500D8FC1C /* ContentView.swift */; };
		FA99B38F29152F1600D8FC1C /* Assets.xcassets in Resources */ = {isa = PBXBuildFile; fileRef = FA99B38E29152F1600D8FC1C /* Assets.xcassets */; };
		FA99B39229152F1600D8FC1C /* Preview Assets.xcassets in Resources */ = {isa = PBXBuildFile; fileRef = FA99B39129152F1600D8FC1C /* Preview Assets.xcassets */; };
		FA99B39C291564DB00D8FC1C /* LoginView.swift in Sources */ = {isa = PBXBuildFile; fileRef = FA99B39B291564DB00D8FC1C /* LoginView.swift */; };
		FA99B39E291564F100D8FC1C /* SignupView.swift in Sources */ = {isa = PBXBuildFile; fileRef = FA99B39D291564F100D8FC1C /* SignupView.swift */; };
		FA99B3A229156C5700D8FC1C /* BackgroundGradientView.swift in Sources */ = {isa = PBXBuildFile; fileRef = FA99B3A129156C5700D8FC1C /* BackgroundGradientView.swift */; };
		FA99B3A429156E1D00D8FC1C /* LogoView.swift in Sources */ = {isa = PBXBuildFile; fileRef = FA99B3A329156E1D00D8FC1C /* LogoView.swift */; };
		FADEDD4F29157048000878E4 /* CustomTextField.swift in Sources */ = {isa = PBXBuildFile; fileRef = FADEDD4E29157048000878E4 /* CustomTextField.swift */; };
		FADEDD52291572C3000878E4 /* EmailTextField.swift in Sources */ = {isa = PBXBuildFile; fileRef = FADEDD51291572C3000878E4 /* EmailTextField.swift */; };
		FADEDD5429157470000878E4 /* CustomSecureTextField.swift in Sources */ = {isa = PBXBuildFile; fileRef = FADEDD5329157470000878E4 /* CustomSecureTextField.swift */; };
		FADEDD5629157B1B000878E4 /* PasswordSecureField.swift in Sources */ = {isa = PBXBuildFile; fileRef = FADEDD5529157B1B000878E4 /* PasswordSecureField.swift */; };
		FADEDD5829158F22000878E4 /* AuthenticateButton.swift in Sources */ = {isa = PBXBuildFile; fileRef = FADEDD5729158F22000878E4 /* AuthenticateButton.swift */; };
/* End PBXBuildFile section */

/* Begin PBXFileReference section */
		FA99B38729152F1500D8FC1C /* AllDone.app */ = {isa = PBXFileReference; explicitFileType = wrapper.application; includeInIndex = 0; path = AllDone.app; sourceTree = BUILT_PRODUCTS_DIR; };
		FA99B38A29152F1500D8FC1C /* AllDoneApp.swift */ = {isa = PBXFileReference; lastKnownFileType = sourcecode.swift; path = AllDoneApp.swift; sourceTree = "<group>"; };
		FA99B38C29152F1500D8FC1C /* ContentView.swift */ = {isa = PBXFileReference; lastKnownFileType = sourcecode.swift; path = ContentView.swift; sourceTree = "<group>"; };
		FA99B38E29152F1600D8FC1C /* Assets.xcassets */ = {isa = PBXFileReference; lastKnownFileType = folder.assetcatalog; path = Assets.xcassets; sourceTree = "<group>"; };
		FA99B39129152F1600D8FC1C /* Preview Assets.xcassets */ = {isa = PBXFileReference; lastKnownFileType = folder.assetcatalog; path = "Preview Assets.xcassets"; sourceTree = "<group>"; };
		FA99B39B291564DB00D8FC1C /* LoginView.swift */ = {isa = PBXFileReference; lastKnownFileType = sourcecode.swift; path = LoginView.swift; sourceTree = "<group>"; };
		FA99B39D291564F100D8FC1C /* SignupView.swift */ = {isa = PBXFileReference; lastKnownFileType = sourcecode.swift; path = SignupView.swift; sourceTree = "<group>"; };
		FA99B3A129156C5700D8FC1C /* BackgroundGradientView.swift */ = {isa = PBXFileReference; lastKnownFileType = sourcecode.swift; path = BackgroundGradientView.swift; sourceTree = "<group>"; };
		FA99B3A329156E1D00D8FC1C /* LogoView.swift */ = {isa = PBXFileReference; lastKnownFileType = sourcecode.swift; path = LogoView.swift; sourceTree = "<group>"; };
		FADEDD4E29157048000878E4 /* CustomTextField.swift */ = {isa = PBXFileReference; lastKnownFileType = sourcecode.swift; path = CustomTextField.swift; sourceTree = "<group>"; };
		FADEDD51291572C3000878E4 /* EmailTextField.swift */ = {isa = PBXFileReference; lastKnownFileType = sourcecode.swift; path = EmailTextField.swift; sourceTree = "<group>"; };
		FADEDD5329157470000878E4 /* CustomSecureTextField.swift */ = {isa = PBXFileReference; lastKnownFileType = sourcecode.swift; path = CustomSecureTextField.swift; sourceTree = "<group>"; };
		FADEDD5529157B1B000878E4 /* PasswordSecureField.swift */ = {isa = PBXFileReference; lastKnownFileType = sourcecode.swift; path = PasswordSecureField.swift; sourceTree = "<group>"; };
		FADEDD5729158F22000878E4 /* AuthenticateButton.swift */ = {isa = PBXFileReference; lastKnownFileType = sourcecode.swift; path = AuthenticateButton.swift; sourceTree = "<group>"; };
/* End PBXFileReference section */

/* Begin PBXFrameworksBuildPhase section */
		FA99B38429152F1500D8FC1C /* Frameworks */ = {
			isa = PBXFrameworksBuildPhase;
			buildActionMask = 2147483647;
			files = (
			);
			runOnlyForDeploymentPostprocessing = 0;
		};
/* End PBXFrameworksBuildPhase section */

/* Begin PBXGroup section */
		FA99B37E29152F1500D8FC1C = {
			isa = PBXGroup;
			children = (
				FA99B38929152F1500D8FC1C /* AllDone */,
				FA99B38829152F1500D8FC1C /* Products */,
			);
			sourceTree = "<group>";
		};
		FA99B38829152F1500D8FC1C /* Products */ = {
			isa = PBXGroup;
			children = (
				FA99B38729152F1500D8FC1C /* AllDone.app */,
			);
			name = Products;
			sourceTree = "<group>";
		};
		FA99B38929152F1500D8FC1C /* AllDone */ = {
			isa = PBXGroup;
			children = (
				FA99B399291563D700D8FC1C /* Model */,
				FA99B398291563CF00D8FC1C /* View */,
				FA99B39A291563E000D8FC1C /* ViewModel */,
				FA99B38A29152F1500D8FC1C /* AllDoneApp.swift */,
				FA99B38C29152F1500D8FC1C /* ContentView.swift */,
				FA99B38E29152F1600D8FC1C /* Assets.xcassets */,
				FA99B39029152F1600D8FC1C /* Preview Content */,
			);
			path = AllDone;
			sourceTree = "<group>";
		};
		FA99B39029152F1600D8FC1C /* Preview Content */ = {
			isa = PBXGroup;
			children = (
				FA99B39129152F1600D8FC1C /* Preview Assets.xcassets */,
			);
			path = "Preview Content";
			sourceTree = "<group>";
		};
		FA99B398291563CF00D8FC1C /* View */ = {
			isa = PBXGroup;
			children = (
				FA99B3A02915650C00D8FC1C /* Authentication */,
				FA99B39F291564F500D8FC1C /* Utils */,
				FA99B39B291564DB00D8FC1C /* LoginView.swift */,
				FA99B39D291564F100D8FC1C /* SignupView.swift */,
			);
			path = View;
			sourceTree = "<group>";
		};
		FA99B399291563D700D8FC1C /* Model */ = {
			isa = PBXGroup;
			children = (
			);
			path = Model;
			sourceTree = "<group>";
		};
		FA99B39A291563E000D8FC1C /* ViewModel */ = {
			isa = PBXGroup;
			children = (
			);
			path = ViewModel;
			sourceTree = "<group>";
		};
		FA99B39F291564F500D8FC1C /* Utils */ = {
			isa = PBXGroup;
			children = (
				FADEDD50291572AB000878E4 /* TextFields */,
				FA99B3A129156C5700D8FC1C /* BackgroundGradientView.swift */,
				FA99B3A329156E1D00D8FC1C /* LogoView.swift */,
				FADEDD5729158F22000878E4 /* AuthenticateButton.swift */,
			);
			path = Utils;
			sourceTree = "<group>";
		};
		FA99B3A02915650C00D8FC1C /* Authentication */ = {
			isa = PBXGroup;
			children = (
			);
			path = Authentication;
			sourceTree = "<group>";
		};
		FADEDD50291572AB000878E4 /* TextFields */ = {
			isa = PBXGroup;
			children = (
				FADEDD4E29157048000878E4 /* CustomTextField.swift */,
				FADEDD51291572C3000878E4 /* EmailTextField.swift */,
				FADEDD5329157470000878E4 /* CustomSecureTextField.swift */,
				FADEDD5529157B1B000878E4 /* PasswordSecureField.swift */,
			);
			path = TextFields;
			sourceTree = "<group>";
		};
/* End PBXGroup section */

/* Begin PBXNativeTarget section */
		FA99B38629152F1500D8FC1C /* AllDone */ = {
			isa = PBXNativeTarget;
			buildConfigurationList = FA99B39529152F1600D8FC1C /* Build configuration list for PBXNativeTarget "AllDone" */;
			buildPhases = (
				FA99B38329152F1500D8FC1C /* Sources */,
				FA99B38429152F1500D8FC1C /* Frameworks */,
				FA99B38529152F1500D8FC1C /* Resources */,
			);
			buildRules = (
			);
			dependencies = (
			);
			name = AllDone;
			productName = AllDone;
			productReference = FA99B38729152F1500D8FC1C /* AllDone.app */;
			productType = "com.apple.product-type.application";
		};
/* End PBXNativeTarget section */

/* Begin PBXProject section */
		FA99B37F29152F1500D8FC1C /* Project object */ = {
			isa = PBXProject;
			attributes = {
				BuildIndependentTargetsInParallel = 1;
				LastSwiftUpdateCheck = 1320;
				LastUpgradeCheck = 1320;
				TargetAttributes = {
					FA99B38629152F1500D8FC1C = {
						CreatedOnToolsVersion = 13.2.1;
					};
				};
			};
			buildConfigurationList = FA99B38229152F1500D8FC1C /* Build configuration list for PBXProject "AllDone" */;
			compatibilityVersion = "Xcode 13.0";
			developmentRegion = en;
			hasScannedForEncodings = 0;
			knownRegions = (
				en,
				Base,
			);
			mainGroup = FA99B37E29152F1500D8FC1C;
			productRefGroup = FA99B38829152F1500D8FC1C /* Products */;
			projectDirPath = "";
			projectRoot = "";
			targets = (
				FA99B38629152F1500D8FC1C /* AllDone */,
			);
		};
/* End PBXProject section */

/* Begin PBXResourcesBuildPhase section */
		FA99B38529152F1500D8FC1C /* Resources */ = {
			isa = PBXResourcesBuildPhase;
			buildActionMask = 2147483647;
			files = (
				FA99B39229152F1600D8FC1C /* Preview Assets.xcassets in Resources */,
				FA99B38F29152F1600D8FC1C /* Assets.xcassets in Resources */,
			);
			runOnlyForDeploymentPostprocessing = 0;
		};
/* End PBXResourcesBuildPhase section */

/* Begin PBXSourcesBuildPhase section */
		FA99B38329152F1500D8FC1C /* Sources */ = {
			isa = PBXSourcesBuildPhase;
			buildActionMask = 2147483647;
			files = (
				FADEDD52291572C3000878E4 /* EmailTextField.swift in Sources */,
				FADEDD5429157470000878E4 /* CustomSecureTextField.swift in Sources */,
				FADEDD4F29157048000878E4 /* CustomTextField.swift in Sources */,
				FA99B39E291564F100D8FC1C /* SignupView.swift in Sources */,
				FADEDD5629157B1B000878E4 /* PasswordSecureField.swift in Sources */,
				FA99B3A429156E1D00D8FC1C /* LogoView.swift in Sources */,
				FADEDD5829158F22000878E4 /* AuthenticateButton.swift in Sources */,
				FA99B39C291564DB00D8FC1C /* LoginView.swift in Sources */,
				FA99B38D29152F1500D8FC1C /* ContentView.swift in Sources */,
				FA99B3A229156C5700D8FC1C /* BackgroundGradientView.swift in Sources */,
				FA99B38B29152F1500D8FC1C /* AllDoneApp.swift in Sources */,
			);
			runOnlyForDeploymentPostprocessing = 0;
		};
/* End PBXSourcesBuildPhase section */

/* Begin XCBuildConfiguration section */
		FA99B39329152F1600D8FC1C /* Debug */ = {
			isa = XCBuildConfiguration;
			buildSettings = {
				ALWAYS_SEARCH_USER_PATHS = NO;
				CLANG_ANALYZER_NONNULL = YES;
				CLANG_ANALYZER_NUMBER_OBJECT_CONVERSION = YES_AGGRESSIVE;
				CLANG_CXX_LANGUAGE_STANDARD = "gnu++17";
				CLANG_CXX_LIBRARY = "libc++";
				CLANG_ENABLE_MODULES = YES;
				CLANG_ENABLE_OBJC_ARC = YES;
				CLANG_ENABLE_OBJC_WEAK = YES;
				CLANG_WARN_BLOCK_CAPTURE_AUTORELEASING = YES;
				CLANG_WARN_BOOL_CONVERSION = YES;
				CLANG_WARN_COMMA = YES;
				CLANG_WARN_CONSTANT_CONVERSION = YES;
				CLANG_WARN_DEPRECATED_OBJC_IMPLEMENTATIONS = YES;
				CLANG_WARN_DIRECT_OBJC_ISA_USAGE = YES_ERROR;
				CLANG_WARN_DOCUMENTATION_COMMENTS = YES;
				CLANG_WARN_EMPTY_BODY = YES;
				CLANG_WARN_ENUM_CONVERSION = YES;
				CLANG_WARN_INFINITE_RECURSION = YES;
				CLANG_WARN_INT_CONVERSION = YES;
				CLANG_WARN_NON_LITERAL_NULL_CONVERSION = YES;
				CLANG_WARN_OBJC_IMPLICIT_RETAIN_SELF = YES;
				CLANG_WARN_OBJC_LITERAL_CONVERSION = YES;
				CLANG_WARN_OBJC_ROOT_CLASS = YES_ERROR;
				CLANG_WARN_QUOTED_INCLUDE_IN_FRAMEWORK_HEADER = YES;
				CLANG_WARN_RANGE_LOOP_ANALYSIS = YES;
				CLANG_WARN_STRICT_PROTOTYPES = YES;
				CLANG_WARN_SUSPICIOUS_MOVE = YES;
				CLANG_WARN_UNGUARDED_AVAILABILITY = YES_AGGRESSIVE;
				CLANG_WARN_UNREACHABLE_CODE = YES;
				CLANG_WARN__DUPLICATE_METHOD_MATCH = YES;
				COPY_PHASE_STRIP = NO;
				DEBUG_INFORMATION_FORMAT = dwarf;
				ENABLE_STRICT_OBJC_MSGSEND = YES;
				ENABLE_TESTABILITY = YES;
				GCC_C_LANGUAGE_STANDARD = gnu11;
				GCC_DYNAMIC_NO_PIC = NO;
				GCC_NO_COMMON_BLOCKS = YES;
				GCC_OPTIMIZATION_LEVEL = 0;
				GCC_PREPROCESSOR_DEFINITIONS = (
					"DEBUG=1",
					"$(inherited)",
				);
				GCC_WARN_64_TO_32_BIT_CONVERSION = YES;
				GCC_WARN_ABOUT_RETURN_TYPE = YES_ERROR;
				GCC_WARN_UNDECLARED_SELECTOR = YES;
				GCC_WARN_UNINITIALIZED_AUTOS = YES_AGGRESSIVE;
				GCC_WARN_UNUSED_FUNCTION = YES;
				GCC_WARN_UNUSED_VARIABLE = YES;
				IPHONEOS_DEPLOYMENT_TARGET = 15.2;
				MTL_ENABLE_DEBUG_INFO = INCLUDE_SOURCE;
				MTL_FAST_MATH = YES;
				ONLY_ACTIVE_ARCH = YES;
				SDKROOT = iphoneos;
				SWIFT_ACTIVE_COMPILATION_CONDITIONS = DEBUG;
				SWIFT_OPTIMIZATION_LEVEL = "-Onone";
			};
			name = Debug;
		};
		FA99B39429152F1600D8FC1C /* Release */ = {
			isa = XCBuildConfiguration;
			buildSettings = {
				ALWAYS_SEARCH_USER_PATHS = NO;
				CLANG_ANALYZER_NONNULL = YES;
				CLANG_ANALYZER_NUMBER_OBJECT_CONVERSION = YES_AGGRESSIVE;
				CLANG_CXX_LANGUAGE_STANDARD = "gnu++17";
				CLANG_CXX_LIBRARY = "libc++";
				CLANG_ENABLE_MODULES = YES;
				CLANG_ENABLE_OBJC_ARC = YES;
				CLANG_ENABLE_OBJC_WEAK = YES;
				CLANG_WARN_BLOCK_CAPTURE_AUTORELEASING = YES;
				CLANG_WARN_BOOL_CONVERSION = YES;
				CLANG_WARN_COMMA = YES;
				CLANG_WARN_CONSTANT_CONVERSION = YES;
				CLANG_WARN_DEPRECATED_OBJC_IMPLEMENTATIONS = YES;
				CLANG_WARN_DIRECT_OBJC_ISA_USAGE = YES_ERROR;
				CLANG_WARN_DOCUMENTATION_COMMENTS = YES;
				CLANG_WARN_EMPTY_BODY = YES;
				CLANG_WARN_ENUM_CONVERSION = YES;
				CLANG_WARN_INFINITE_RECURSION = YES;
				CLANG_WARN_INT_CONVERSION = YES;
				CLANG_WARN_NON_LITERAL_NULL_CONVERSION = YES;
				CLANG_WARN_OBJC_IMPLICIT_RETAIN_SELF = YES;
				CLANG_WARN_OBJC_LITERAL_CONVERSION = YES;
				CLANG_WARN_OBJC_ROOT_CLASS = YES_ERROR;
				CLANG_WARN_QUOTED_INCLUDE_IN_FRAMEWORK_HEADER = YES;
				CLANG_WARN_RANGE_LOOP_ANALYSIS = YES;
				CLANG_WARN_STRICT_PROTOTYPES = YES;
				CLANG_WARN_SUSPICIOUS_MOVE = YES;
				CLANG_WARN_UNGUARDED_AVAILABILITY = YES_AGGRESSIVE;
				CLANG_WARN_UNREACHABLE_CODE = YES;
				CLANG_WARN__DUPLICATE_METHOD_MATCH = YES;
				COPY_PHASE_STRIP = NO;
				DEBUG_INFORMATION_FORMAT = "dwarf-with-dsym";
				ENABLE_NS_ASSERTIONS = NO;
				ENABLE_STRICT_OBJC_MSGSEND = YES;
				GCC_C_LANGUAGE_STANDARD = gnu11;
				GCC_NO_COMMON_BLOCKS = YES;
				GCC_WARN_64_TO_32_BIT_CONVERSION = YES;
				GCC_WARN_ABOUT_RETURN_TYPE = YES_ERROR;
				GCC_WARN_UNDECLARED_SELECTOR = YES;
				GCC_WARN_UNINITIALIZED_AUTOS = YES_AGGRESSIVE;
				GCC_WARN_UNUSED_FUNCTION = YES;
				GCC_WARN_UNUSED_VARIABLE = YES;
				IPHONEOS_DEPLOYMENT_TARGET = 15.2;
				MTL_ENABLE_DEBUG_INFO = NO;
				MTL_FAST_MATH = YES;
				SDKROOT = iphoneos;
				SWIFT_COMPILATION_MODE = wholemodule;
				SWIFT_OPTIMIZATION_LEVEL = "-O";
				VALIDATE_PRODUCT = YES;
			};
			name = Release;
		};
		FA99B39629152F1600D8FC1C /* Debug */ = {
			isa = XCBuildConfiguration;
			buildSettings = {
				ASSETCATALOG_COMPILER_APPICON_NAME = AppIcon;
				ASSETCATALOG_COMPILER_GLOBAL_ACCENT_COLOR_NAME = AccentColor;
				CODE_SIGN_STYLE = Automatic;
				CURRENT_PROJECT_VERSION = 1;
				DEVELOPMENT_ASSET_PATHS = "\"AllDone/Preview Content\"";
				DEVELOPMENT_TEAM = K6BJ9JXQPF;
				ENABLE_PREVIEWS = YES;
				GENERATE_INFOPLIST_FILE = YES;
				INFOPLIST_KEY_UIApplicationSceneManifest_Generation = YES;
				INFOPLIST_KEY_UIApplicationSupportsIndirectInputEvents = YES;
				INFOPLIST_KEY_UILaunchScreen_Generation = YES;
				INFOPLIST_KEY_UISupportedInterfaceOrientations_iPad = "UIInterfaceOrientationPortrait UIInterfaceOrientationPortraitUpsideDown UIInterfaceOrientationLandscapeLeft UIInterfaceOrientationLandscapeRight";
				INFOPLIST_KEY_UISupportedInterfaceOrientations_iPhone = "UIInterfaceOrientationPortrait UIInterfaceOrientationLandscapeLeft UIInterfaceOrientationLandscapeRight";
				LD_RUNPATH_SEARCH_PATHS = (
					"$(inherited)",
					"@executable_path/Frameworks",
				);
				MARKETING_VERSION = 1.0;
				PRODUCT_BUNDLE_IDENTIFIER = systemApps.AllDone;
				PRODUCT_NAME = "$(TARGET_NAME)";
				SWIFT_EMIT_LOC_STRINGS = YES;
				SWIFT_VERSION = 5.0;
				TARGETED_DEVICE_FAMILY = "1,2";
			};
			name = Debug;
		};
		FA99B39729152F1600D8FC1C /* Release */ = {
			isa = XCBuildConfiguration;
			buildSettings = {
				ASSETCATALOG_COMPILER_APPICON_NAME = AppIcon;
				ASSETCATALOG_COMPILER_GLOBAL_ACCENT_COLOR_NAME = AccentColor;
				CODE_SIGN_STYLE = Automatic;
				CURRENT_PROJECT_VERSION = 1;
				DEVELOPMENT_ASSET_PATHS = "\"AllDone/Preview Content\"";
				DEVELOPMENT_TEAM = K6BJ9JXQPF;
				ENABLE_PREVIEWS = YES;
				GENERATE_INFOPLIST_FILE = YES;
				INFOPLIST_KEY_UIApplicationSceneManifest_Generation = YES;
				INFOPLIST_KEY_UIApplicationSupportsIndirectInputEvents = YES;
				INFOPLIST_KEY_UILaunchScreen_Generation = YES;
				INFOPLIST_KEY_UISupportedInterfaceOrientations_iPad = "UIInterfaceOrientationPortrait UIInterfaceOrientationPortraitUpsideDown UIInterfaceOrientationLandscapeLeft UIInterfaceOrientationLandscapeRight";
				INFOPLIST_KEY_UISupportedInterfaceOrientations_iPhone = "UIInterfaceOrientationPortrait UIInterfaceOrientationLandscapeLeft UIInterfaceOrientationLandscapeRight";
				LD_RUNPATH_SEARCH_PATHS = (
					"$(inherited)",
					"@executable_path/Frameworks",
				);
				MARKETING_VERSION = 1.0;
				PRODUCT_BUNDLE_IDENTIFIER = systemApps.AllDone;
				PRODUCT_NAME = "$(TARGET_NAME)";
				SWIFT_EMIT_LOC_STRINGS = YES;
				SWIFT_VERSION = 5.0;
				TARGETED_DEVICE_FAMILY = "1,2";
			};
			name = Release;
		};
/* End XCBuildConfiguration section */

/* Begin XCConfigurationList section */
		FA99B38229152F1500D8FC1C /* Build configuration list for PBXProject "AllDone" */ = {
			isa = XCConfigurationList;
			buildConfigurations = (
				FA99B39329152F1600D8FC1C /* Debug */,
				FA99B39429152F1600D8FC1C /* Release */,
			);
			defaultConfigurationIsVisible = 0;
			defaultConfigurationName = Release;
		};
		FA99B39529152F1600D8FC1C /* Build configuration list for PBXNativeTarget "AllDone" */ = {
			isa = XCConfigurationList;
			buildConfigurations = (
				FA99B39629152F1600D8FC1C /* Debug */,
				FA99B39729152F1600D8FC1C /* Release */,
			);
			defaultConfigurationIsVisible = 0;
			defaultConfigurationName = Release;
		};
/* End XCConfigurationList section */
	};
	rootObject = FA99B37F29152F1500D8FC1C /* Project object */;
}
